// !$*UTF8*$!
{
	archiveVersion = 1;
	classes = {
	};
	objectVersion = 50;
	objects = {

/* Begin PBXBuildFile section */
		D74E6FEB201DBE000023747E /* LikedViewController.swift in Sources */ = {isa = PBXBuildFile; fileRef = D74E6FEA201DBE000023747E /* LikedViewController.swift */; };
		D74E6FED201DD76B0023747E /* HistoryViewController.swift in Sources */ = {isa = PBXBuildFile; fileRef = D74E6FEC201DD76B0023747E /* HistoryViewController.swift */; };
		D7587CB8201D6560000BB2A0 /* ProfileViewController.swift in Sources */ = {isa = PBXBuildFile; fileRef = D7587CB7201D655F000BB2A0 /* ProfileViewController.swift */; };
		D77DAA01201D1E3900A28643 /* AppDelegate.swift in Sources */ = {isa = PBXBuildFile; fileRef = D77DAA00201D1E3900A28643 /* AppDelegate.swift */; };
		D77DAA03201D1E3900A28643 /* ViewController.swift in Sources */ = {isa = PBXBuildFile; fileRef = D77DAA02201D1E3900A28643 /* ViewController.swift */; };
		D77DAA06201D1E3900A28643 /* Main.storyboard in Resources */ = {isa = PBXBuildFile; fileRef = D77DAA04201D1E3900A28643 /* Main.storyboard */; };
		D77DAA08201D1E3D00A28643 /* Assets.xcassets in Resources */ = {isa = PBXBuildFile; fileRef = D77DAA07201D1E3D00A28643 /* Assets.xcassets */; };
		D77DAA0B201D1E3D00A28643 /* LaunchScreen.storyboard in Resources */ = {isa = PBXBuildFile; fileRef = D77DAA09201D1E3D00A28643 /* LaunchScreen.storyboard */; };
		D77DAA16201D1E3D00A28643 /* WelcomeWeekTests.swift in Sources */ = {isa = PBXBuildFile; fileRef = D77DAA15201D1E3D00A28643 /* WelcomeWeekTests.swift */; };
		D77DAA21201D1E3D00A28643 /* WelcomeWeekUITests.swift in Sources */ = {isa = PBXBuildFile; fileRef = D77DAA20201D1E3D00A28643 /* WelcomeWeekUITests.swift */; };
/* End PBXBuildFile section */

/* Begin PBXContainerItemProxy section */
		D77DAA12201D1E3D00A28643 /* PBXContainerItemProxy */ = {
			isa = PBXContainerItemProxy;
			containerPortal = D77DA9F5201D1E3900A28643 /* Project object */;
			proxyType = 1;
			remoteGlobalIDString = D77DA9FC201D1E3900A28643;
			remoteInfo = WelcomeWeek;
		};
		D77DAA1D201D1E3D00A28643 /* PBXContainerItemProxy */ = {
			isa = PBXContainerItemProxy;
			containerPortal = D77DA9F5201D1E3900A28643 /* Project object */;
			proxyType = 1;
			remoteGlobalIDString = D77DA9FC201D1E3900A28643;
			remoteInfo = WelcomeWeek;
		};
/* End PBXContainerItemProxy section */

/* Begin PBXFileReference section */
		D74E6FEA201DBE000023747E /* LikedViewController.swift */ = {isa = PBXFileReference; lastKnownFileType = sourcecode.swift; path = LikedViewController.swift; sourceTree = "<group>"; };
		D74E6FEC201DD76B0023747E /* HistoryViewController.swift */ = {isa = PBXFileReference; lastKnownFileType = sourcecode.swift; path = HistoryViewController.swift; sourceTree = "<group>"; };
		D7587CB7201D655F000BB2A0 /* ProfileViewController.swift */ = {isa = PBXFileReference; lastKnownFileType = sourcecode.swift; path = ProfileViewController.swift; sourceTree = "<group>"; };
		D77DA9FD201D1E3900A28643 /* WelcomeWeek.app */ = {isa = PBXFileReference; explicitFileType = wrapper.application; includeInIndex = 0; path = WelcomeWeek.app; sourceTree = BUILT_PRODUCTS_DIR; };
		D77DAA00201D1E3900A28643 /* AppDelegate.swift */ = {isa = PBXFileReference; lastKnownFileType = sourcecode.swift; path = AppDelegate.swift; sourceTree = "<group>"; };
		D77DAA02201D1E3900A28643 /* ViewController.swift */ = {isa = PBXFileReference; lastKnownFileType = sourcecode.swift; path = ViewController.swift; sourceTree = "<group>"; };
		D77DAA05201D1E3900A28643 /* Base */ = {isa = PBXFileReference; lastKnownFileType = file.storyboard; name = Base; path = Base.lproj/Main.storyboard; sourceTree = "<group>"; };
		D77DAA07201D1E3D00A28643 /* Assets.xcassets */ = {isa = PBXFileReference; lastKnownFileType = folder.assetcatalog; path = Assets.xcassets; sourceTree = "<group>"; };
		D77DAA0A201D1E3D00A28643 /* Base */ = {isa = PBXFileReference; lastKnownFileType = file.storyboard; name = Base; path = Base.lproj/LaunchScreen.storyboard; sourceTree = "<group>"; };
		D77DAA0C201D1E3D00A28643 /* Info.plist */ = {isa = PBXFileReference; lastKnownFileType = text.plist.xml; path = Info.plist; sourceTree = "<group>"; };
		D77DAA11201D1E3D00A28643 /* WelcomeWeekTests.xctest */ = {isa = PBXFileReference; explicitFileType = wrapper.cfbundle; includeInIndex = 0; path = WelcomeWeekTests.xctest; sourceTree = BUILT_PRODUCTS_DIR; };
		D77DAA15201D1E3D00A28643 /* WelcomeWeekTests.swift */ = {isa = PBXFileReference; lastKnownFileType = sourcecode.swift; path = WelcomeWeekTests.swift; sourceTree = "<group>"; };
		D77DAA17201D1E3D00A28643 /* Info.plist */ = {isa = PBXFileReference; lastKnownFileType = text.plist.xml; path = Info.plist; sourceTree = "<group>"; };
		D77DAA1C201D1E3D00A28643 /* WelcomeWeekUITests.xctest */ = {isa = PBXFileReference; explicitFileType = wrapper.cfbundle; includeInIndex = 0; path = WelcomeWeekUITests.xctest; sourceTree = BUILT_PRODUCTS_DIR; };
		D77DAA20201D1E3D00A28643 /* WelcomeWeekUITests.swift */ = {isa = PBXFileReference; lastKnownFileType = sourcecode.swift; path = WelcomeWeekUITests.swift; sourceTree = "<group>"; };
		D77DAA22201D1E3D00A28643 /* Info.plist */ = {isa = PBXFileReference; lastKnownFileType = text.plist.xml; path = Info.plist; sourceTree = "<group>"; };
/* End PBXFileReference section */

/* Begin PBXFrameworksBuildPhase section */
		D77DA9FA201D1E3900A28643 /* Frameworks */ = {
			isa = PBXFrameworksBuildPhase;
			buildActionMask = 2147483647;
			files = (
			);
			runOnlyForDeploymentPostprocessing = 0;
		};
		D77DAA0E201D1E3D00A28643 /* Frameworks */ = {
			isa = PBXFrameworksBuildPhase;
			buildActionMask = 2147483647;
			files = (
			);
			runOnlyForDeploymentPostprocessing = 0;
		};
		D77DAA19201D1E3D00A28643 /* Frameworks */ = {
			isa = PBXFrameworksBuildPhase;
			buildActionMask = 2147483647;
			files = (
			);
			runOnlyForDeploymentPostprocessing = 0;
		};
/* End PBXFrameworksBuildPhase section */

/* Begin PBXGroup section */
		D77DA9F4201D1E3900A28643 = {
			isa = PBXGroup;
			children = (
				D77DA9FF201D1E3900A28643 /* WelcomeWeek */,
				D77DAA14201D1E3D00A28643 /* WelcomeWeekTests */,
				D77DAA1F201D1E3D00A28643 /* WelcomeWeekUITests */,
				D77DA9FE201D1E3900A28643 /* Products */,
			);
			sourceTree = "<group>";
		};
		D77DA9FE201D1E3900A28643 /* Products */ = {
			isa = PBXGroup;
			children = (
				D77DA9FD201D1E3900A28643 /* WelcomeWeek.app */,
				D77DAA11201D1E3D00A28643 /* WelcomeWeekTests.xctest */,
				D77DAA1C201D1E3D00A28643 /* WelcomeWeekUITests.xctest */,
			);
			name = Products;
			sourceTree = "<group>";
		};
		D77DA9FF201D1E3900A28643 /* WelcomeWeek */ = {
			isa = PBXGroup;
			children = (
				D74E6FEC201DD76B0023747E /* HistoryViewController.swift */,
				D74E6FEA201DBE000023747E /* LikedViewController.swift */,
				D77DAA00201D1E3900A28643 /* AppDelegate.swift */,
				D77DAA02201D1E3900A28643 /* ViewController.swift */,
				D77DAA04201D1E3900A28643 /* Main.storyboard */,
				D7587CB7201D655F000BB2A0 /* ProfileViewController.swift */,
				D77DAA07201D1E3D00A28643 /* Assets.xcassets */,
				D77DAA09201D1E3D00A28643 /* LaunchScreen.storyboard */,
				D77DAA0C201D1E3D00A28643 /* Info.plist */,
			);
			path = WelcomeWeek;
			sourceTree = "<group>";
		};
		D77DAA14201D1E3D00A28643 /* WelcomeWeekTests */ = {
			isa = PBXGroup;
			children = (
				D77DAA15201D1E3D00A28643 /* WelcomeWeekTests.swift */,
				D77DAA17201D1E3D00A28643 /* Info.plist */,
			);
			path = WelcomeWeekTests;
			sourceTree = "<group>";
		};
		D77DAA1F201D1E3D00A28643 /* WelcomeWeekUITests */ = {
			isa = PBXGroup;
			children = (
				D77DAA20201D1E3D00A28643 /* WelcomeWeekUITests.swift */,
				D77DAA22201D1E3D00A28643 /* Info.plist */,
			);
			path = WelcomeWeekUITests;
			sourceTree = "<group>";
		};
/* End PBXGroup section */

/* Begin PBXNativeTarget section */
		D77DA9FC201D1E3900A28643 /* WelcomeWeek */ = {
			isa = PBXNativeTarget;
			buildConfigurationList = D77DAA25201D1E3D00A28643 /* Build configuration list for PBXNativeTarget "WelcomeWeek" */;
			buildPhases = (
				D77DA9F9201D1E3900A28643 /* Sources */,
				D77DA9FA201D1E3900A28643 /* Frameworks */,
				D77DA9FB201D1E3900A28643 /* Resources */,
			);
			buildRules = (
			);
			dependencies = (
			);
			name = WelcomeWeek;
			productName = WelcomeWeek;
			productReference = D77DA9FD201D1E3900A28643 /* WelcomeWeek.app */;
			productType = "com.apple.product-type.application";
		};
		D77DAA10201D1E3D00A28643 /* WelcomeWeekTests */ = {
			isa = PBXNativeTarget;
			buildConfigurationList = D77DAA28201D1E3D00A28643 /* Build configuration list for PBXNativeTarget "WelcomeWeekTests" */;
			buildPhases = (
				D77DAA0D201D1E3D00A28643 /* Sources */,
				D77DAA0E201D1E3D00A28643 /* Frameworks */,
				D77DAA0F201D1E3D00A28643 /* Resources */,
			);
			buildRules = (
			);
			dependencies = (
				D77DAA13201D1E3D00A28643 /* PBXTargetDependency */,
			);
			name = WelcomeWeekTests;
			productName = WelcomeWeekTests;
			productReference = D77DAA11201D1E3D00A28643 /* WelcomeWeekTests.xctest */;
			productType = "com.apple.product-type.bundle.unit-test";
		};
		D77DAA1B201D1E3D00A28643 /* WelcomeWeekUITests */ = {
			isa = PBXNativeTarget;
			buildConfigurationList = D77DAA2B201D1E3D00A28643 /* Build configuration list for PBXNativeTarget "WelcomeWeekUITests" */;
			buildPhases = (
				D77DAA18201D1E3D00A28643 /* Sources */,
				D77DAA19201D1E3D00A28643 /* Frameworks */,
				D77DAA1A201D1E3D00A28643 /* Resources */,
			);
			buildRules = (
			);
			dependencies = (
				D77DAA1E201D1E3D00A28643 /* PBXTargetDependency */,
			);
			name = WelcomeWeekUITests;
			productName = WelcomeWeekUITests;
			productReference = D77DAA1C201D1E3D00A28643 /* WelcomeWeekUITests.xctest */;
			productType = "com.apple.product-type.bundle.ui-testing";
		};
/* End PBXNativeTarget section */

/* Begin PBXProject section */
		D77DA9F5201D1E3900A28643 /* Project object */ = {
			isa = PBXProject;
			attributes = {
				LastSwiftUpdateCheck = 0930;
				LastUpgradeCheck = 0930;
				ORGANIZATIONNAME = "Merlin Zhao";
				TargetAttributes = {
					D77DA9FC201D1E3900A28643 = {
						CreatedOnToolsVersion = 9.3;
					};
					D77DAA10201D1E3D00A28643 = {
						CreatedOnToolsVersion = 9.3;
						TestTargetID = D77DA9FC201D1E3900A28643;
					};
					D77DAA1B201D1E3D00A28643 = {
						CreatedOnToolsVersion = 9.3;
						TestTargetID = D77DA9FC201D1E3900A28643;
					};
				};
			};
			buildConfigurationList = D77DA9F8201D1E3900A28643 /* Build configuration list for PBXProject "WelcomeWeek" */;
			compatibilityVersion = "Xcode 9.3";
			developmentRegion = en;
			hasScannedForEncodings = 0;
			knownRegions = (
				en,
				Base,
			);
			mainGroup = D77DA9F4201D1E3900A28643;
			productRefGroup = D77DA9FE201D1E3900A28643 /* Products */;
			projectDirPath = "";
			projectRoot = "";
			targets = (
				D77DA9FC201D1E3900A28643 /* WelcomeWeek */,
				D77DAA10201D1E3D00A28643 /* WelcomeWeekTests */,
				D77DAA1B201D1E3D00A28643 /* WelcomeWeekUITests */,
			);
		};
/* End PBXProject section */

/* Begin PBXResourcesBuildPhase section */
		D77DA9FB201D1E3900A28643 /* Resources */ = {
			isa = PBXResourcesBuildPhase;
			buildActionMask = 2147483647;
			files = (
				D77DAA0B201D1E3D00A28643 /* LaunchScreen.storyboard in Resources */,
				D77DAA08201D1E3D00A28643 /* Assets.xcassets in Resources */,
				D77DAA06201D1E3900A28643 /* Main.storyboard in Resources */,
			);
			runOnlyForDeploymentPostprocessing = 0;
		};
		D77DAA0F201D1E3D00A28643 /* Resources */ = {
			isa = PBXResourcesBuildPhase;
			buildActionMask = 2147483647;
			files = (
			);
			runOnlyForDeploymentPostprocessing = 0;
		};
		D77DAA1A201D1E3D00A28643 /* Resources */ = {
			isa = PBXResourcesBuildPhase;
			buildActionMask = 2147483647;
			files = (
			);
			runOnlyForDeploymentPostprocessing = 0;
		};
/* End PBXResourcesBuildPhase section */

/* Begin PBXSourcesBuildPhase section */
		D77DA9F9201D1E3900A28643 /* Sources */ = {
			isa = PBXSourcesBuildPhase;
			buildActionMask = 2147483647;
			files = (
				D74E6FEB201DBE000023747E /* LikedViewController.swift in Sources */,
				D7587CB8201D6560000BB2A0 /* ProfileViewController.swift in Sources */,
				D77DAA03201D1E3900A28643 /* ViewController.swift in Sources */,
				D74E6FED201DD76B0023747E /* HistoryViewController.swift in Sources */,
				D77DAA01201D1E3900A28643 /* AppDelegate.swift in Sources */,
			);
			runOnlyForDeploymentPostprocessing = 0;
		};
		D77DAA0D201D1E3D00A28643 /* Sources */ = {
			isa = PBXSourcesBuildPhase;
			buildActionMask = 2147483647;
			files = (
				D77DAA16201D1E3D00A28643 /* WelcomeWeekTests.swift in Sources */,
			);
			runOnlyForDeploymentPostprocessing = 0;
		};
		D77DAA18201D1E3D00A28643 /* Sources */ = {
			isa = PBXSourcesBuildPhase;
			buildActionMask = 2147483647;
			files = (
				D77DAA21201D1E3D00A28643 /* WelcomeWeekUITests.swift in Sources */,
			);
			runOnlyForDeploymentPostprocessing = 0;
		};
/* End PBXSourcesBuildPhase section */

/* Begin PBXTargetDependency section */
		D77DAA13201D1E3D00A28643 /* PBXTargetDependency */ = {
			isa = PBXTargetDependency;
			target = D77DA9FC201D1E3900A28643 /* WelcomeWeek */;
			targetProxy = D77DAA12201D1E3D00A28643 /* PBXContainerItemProxy */;
		};
		D77DAA1E201D1E3D00A28643 /* PBXTargetDependency */ = {
			isa = PBXTargetDependency;
			target = D77DA9FC201D1E3900A28643 /* WelcomeWeek */;
			targetProxy = D77DAA1D201D1E3D00A28643 /* PBXContainerItemProxy */;
		};
/* End PBXTargetDependency section */

/* Begin PBXVariantGroup section */
		D77DAA04201D1E3900A28643 /* Main.storyboard */ = {
			isa = PBXVariantGroup;
			children = (
				D77DAA05201D1E3900A28643 /* Base */,
			);
			name = Main.storyboard;
			sourceTree = "<group>";
		};
		D77DAA09201D1E3D00A28643 /* LaunchScreen.storyboard */ = {
			isa = PBXVariantGroup;
			children = (
				D77DAA0A201D1E3D00A28643 /* Base */,
			);
			name = LaunchScreen.storyboard;
			sourceTree = "<group>";
		};
/* End PBXVariantGroup section */

/* Begin XCBuildConfiguration section */
		D77DAA23201D1E3D00A28643 /* Debug */ = {
			isa = XCBuildConfiguration;
			buildSettings = {
				ALWAYS_SEARCH_USER_PATHS = NO;
				CLANG_ANALYZER_NONNULL = YES;
				CLANG_ANALYZER_NUMBER_OBJECT_CONVERSION = YES_AGGRESSIVE;
				CLANG_CXX_LANGUAGE_STANDARD = "gnu++14";
				CLANG_CXX_LIBRARY = "libc++";
				CLANG_ENABLE_MODULES = YES;
				CLANG_ENABLE_OBJC_ARC = YES;
				CLANG_ENABLE_OBJC_WEAK = YES;
				CLANG_WARN_BLOCK_CAPTURE_AUTORELEASING = YES;
				CLANG_WARN_BOOL_CONVERSION = YES;
				CLANG_WARN_COMMA = YES;
				CLANG_WARN_CONSTANT_CONVERSION = YES;
				CLANG_WARN_DEPRECATED_OBJC_IMPLEMENTATIONS = YES;
				CLANG_WARN_DIRECT_OBJC_ISA_USAGE = YES_ERROR;
				CLANG_WARN_DOCUMENTATION_COMMENTS = YES;
				CLANG_WARN_EMPTY_BODY = YES;
				CLANG_WARN_ENUM_CONVERSION = YES;
				CLANG_WARN_INFINITE_RECURSION = YES;
				CLANG_WARN_INT_CONVERSION = YES;
				CLANG_WARN_NON_LITERAL_NULL_CONVERSION = YES;
				CLANG_WARN_OBJC_IMPLICIT_RETAIN_SELF = YES;
				CLANG_WARN_OBJC_LITERAL_CONVERSION = YES;
				CLANG_WARN_OBJC_ROOT_CLASS = YES_ERROR;
				CLANG_WARN_RANGE_LOOP_ANALYSIS = YES;
				CLANG_WARN_STRICT_PROTOTYPES = YES;
				CLANG_WARN_SUSPICIOUS_MOVE = YES;
				CLANG_WARN_UNGUARDED_AVAILABILITY = YES_AGGRESSIVE;
				CLANG_WARN_UNREACHABLE_CODE = YES;
				CLANG_WARN__DUPLICATE_METHOD_MATCH = YES;
				CODE_SIGN_IDENTITY = "iPhone Developer";
				COPY_PHASE_STRIP = NO;
				DEBUG_INFORMATION_FORMAT = dwarf;
				ENABLE_STRICT_OBJC_MSGSEND = YES;
				ENABLE_TESTABILITY = YES;
				GCC_C_LANGUAGE_STANDARD = gnu11;
				GCC_DYNAMIC_NO_PIC = NO;
				GCC_NO_COMMON_BLOCKS = YES;
				GCC_OPTIMIZATION_LEVEL = 0;
				GCC_PREPROCESSOR_DEFINITIONS = (
					"DEBUG=1",
					"$(inherited)",
				);
				GCC_WARN_64_TO_32_BIT_CONVERSION = YES;
				GCC_WARN_ABOUT_RETURN_TYPE = YES_ERROR;
				GCC_WARN_UNDECLARED_SELECTOR = YES;
				GCC_WARN_UNINITIALIZED_AUTOS = YES_AGGRESSIVE;
				GCC_WARN_UNUSED_FUNCTION = YES;
				GCC_WARN_UNUSED_VARIABLE = YES;
				IPHONEOS_DEPLOYMENT_TARGET = 11.3;
				MTL_ENABLE_DEBUG_INFO = YES;
				ONLY_ACTIVE_ARCH = YES;
				SDKROOT = iphoneos;
				SWIFT_ACTIVE_COMPILATION_CONDITIONS = DEBUG;
				SWIFT_OPTIMIZATION_LEVEL = "-Onone";
			};
			name = Debug;
		};
		D77DAA24201D1E3D00A28643 /* Release */ = {
			isa = XCBuildConfiguration;
			buildSettings = {
				ALWAYS_SEARCH_USER_PATHS = NO;
				CLANG_ANALYZER_NONNULL = YES;
				CLANG_ANALYZER_NUMBER_OBJECT_CONVERSION = YES_AGGRESSIVE;
				CLANG_CXX_LANGUAGE_STANDARD = "gnu++14";
				CLANG_CXX_LIBRARY = "libc++";
				CLANG_ENABLE_MODULES = YES;
				CLANG_ENABLE_OBJC_ARC = YES;
				CLANG_ENABLE_OBJC_WEAK = YES;
				CLANG_WARN_BLOCK_CAPTURE_AUTORELEASING = YES;
				CLANG_WARN_BOOL_CONVERSION = YES;
				CLANG_WARN_COMMA = YES;
				CLANG_WARN_CONSTANT_CONVERSION = YES;
				CLANG_WARN_DEPRECATED_OBJC_IMPLEMENTATIONS = YES;
				CLANG_WARN_DIRECT_OBJC_ISA_USAGE = YES_ERROR;
				CLANG_WARN_DOCUMENTATION_COMMENTS = YES;
				CLANG_WARN_EMPTY_BODY = YES;
				CLANG_WARN_ENUM_CONVERSION = YES;
				CLANG_WARN_INFINITE_RECURSION = YES;
				CLANG_WARN_INT_CONVERSION = YES;
				CLANG_WARN_NON_LITERAL_NULL_CONVERSION = YES;
				CLANG_WARN_OBJC_IMPLICIT_RETAIN_SELF = YES;
				CLANG_WARN_OBJC_LITERAL_CONVERSION = YES;
				CLANG_WARN_OBJC_ROOT_CLASS = YES_ERROR;
				CLANG_WARN_RANGE_LOOP_ANALYSIS = YES;
				CLANG_WARN_STRICT_PROTOTYPES = YES;
				CLANG_WARN_SUSPICIOUS_MOVE = YES;
				CLANG_WARN_UNGUARDED_AVAILABILITY = YES_AGGRESSIVE;
				CLANG_WARN_UNREACHABLE_CODE = YES;
				CLANG_WARN__DUPLICATE_METHOD_MATCH = YES;
				CODE_SIGN_IDENTITY = "iPhone Developer";
				COPY_PHASE_STRIP = NO;
				DEBUG_INFORMATION_FORMAT = "dwarf-with-dsym";
				ENABLE_NS_ASSERTIONS = NO;
				ENABLE_STRICT_OBJC_MSGSEND = YES;
				GCC_C_LANGUAGE_STANDARD = gnu11;
				GCC_NO_COMMON_BLOCKS = YES;
				GCC_WARN_64_TO_32_BIT_CONVERSION = YES;
				GCC_WARN_ABOUT_RETURN_TYPE = YES_ERROR;
				GCC_WARN_UNDECLARED_SELECTOR = YES;
				GCC_WARN_UNINITIALIZED_AUTOS = YES_AGGRESSIVE;
				GCC_WARN_UNUSED_FUNCTION = YES;
				GCC_WARN_UNUSED_VARIABLE = YES;
				IPHONEOS_DEPLOYMENT_TARGET = 11.3;
				MTL_ENABLE_DEBUG_INFO = NO;
				SDKROOT = iphoneos;
				SWIFT_OPTIMIZATION_LEVEL = "-Owholemodule";
				VALIDATE_PRODUCT = YES;
			};
			name = Release;
		};
		D77DAA26201D1E3D00A28643 /* Debug */ = {
			isa = XCBuildConfiguration;
			buildSettings = {
				ASSETCATALOG_COMPILER_APPICON_NAME = AppIcon;
				CODE_SIGN_STYLE = Automatic;
				DEVELOPMENT_TEAM = 5RXU43Z939;
				INFOPLIST_FILE = WelcomeWeek/Info.plist;
				IPHONEOS_DEPLOYMENT_TARGET = 11.0;
				LD_RUNPATH_SEARCH_PATHS = (
					"$(inherited)",
					"@executable_path/Frameworks",
				);
				PRODUCT_BUNDLE_IDENTIFIER = com.test.WelcomeWeek;
				PRODUCT_NAME = "$(TARGET_NAME)";
				SWIFT_VERSION = 4.0;
				TARGETED_DEVICE_FAMILY = "1,2";
			};
			name = Debug;
		};
		D77DAA27201D1E3D00A28643 /* Release */ = {
			isa = XCBuildConfiguration;
			buildSettings = {
				ASSETCATALOG_COMPILER_APPICON_NAME = AppIcon;
				CODE_SIGN_STYLE = Automatic;
				DEVELOPMENT_TEAM = 5RXU43Z939;
				INFOPLIST_FILE = WelcomeWeek/Info.plist;
				IPHONEOS_DEPLOYMENT_TARGET = 11.0;
				LD_RUNPATH_SEARCH_PATHS = (
					"$(inherited)",
					"@executable_path/Frameworks",
				);
				PRODUCT_BUNDLE_IDENTIFIER = com.test.WelcomeWeek;
				PRODUCT_NAME = "$(TARGET_NAME)";
				SWIFT_VERSION = 4.0;
				TARGETED_DEVICE_FAMILY = "1,2";
			};
			name = Release;
		};
		D77DAA29201D1E3D00A28643 /* Debug */ = {
			isa = XCBuildConfiguration;
			buildSettings = {
				ALWAYS_EMBED_SWIFT_STANDARD_LIBRARIES = YES;
				BUNDLE_LOADER = "$(TEST_HOST)";
				CODE_SIGN_STYLE = Automatic;
				DEVELOPMENT_TEAM = 5RXU43Z939;
				INFOPLIST_FILE = WelcomeWeekTests/Info.plist;
				LD_RUNPATH_SEARCH_PATHS = (
					"$(inherited)",
					"@executable_path/Frameworks",
					"@loader_path/Frameworks",
				);
				PRODUCT_BUNDLE_IDENTIFIER = com.test.WelcomeWeekTests;
				PRODUCT_NAME = "$(TARGET_NAME)";
				SWIFT_VERSION = 4.0;
				TARGETED_DEVICE_FAMILY = "1,2";
				TEST_HOST = "$(BUILT_PRODUCTS_DIR)/WelcomeWeek.app/WelcomeWeek";
			};
			name = Debug;
		};
		D77DAA2A201D1E3D00A28643 /* Release */ = {
			isa = XCBuildConfiguration;
			buildSettings = {
				ALWAYS_EMBED_SWIFT_STANDARD_LIBRARIES = YES;
				BUNDLE_LOADER = "$(TEST_HOST)";
				CODE_SIGN_STYLE = Automatic;
				DEVELOPMENT_TEAM = 5RXU43Z939;
				INFOPLIST_FILE = WelcomeWeekTests/Info.plist;
				LD_RUNPATH_SEARCH_PATHS = (
					"$(inherited)",
					"@executable_path/Frameworks",
					"@loader_path/Frameworks",
				);
				PRODUCT_BUNDLE_IDENTIFIER = com.test.WelcomeWeekTests;
				PRODUCT_NAME = "$(TARGET_NAME)";
				SWIFT_VERSION = 4.0;
				TARGETED_DEVICE_FAMILY = "1,2";
				TEST_HOST = "$(BUILT_PRODUCTS_DIR)/WelcomeWeek.app/WelcomeWeek";
			};
			name = Release;
		};
		D77DAA2C201D1E3D00A28643 /* Debug */ = {
			isa = XCBuildConfiguration;
			buildSettings = {
				ALWAYS_EMBED_SWIFT_STANDARD_LIBRARIES = YES;
				CODE_SIGN_STYLE = Automatic;
				DEVELOPMENT_TEAM = 5RXU43Z939;
				INFOPLIST_FILE = WelcomeWeekUITests/Info.plist;
				LD_RUNPATH_SEARCH_PATHS = (
					"$(inherited)",
					"@executable_path/Frameworks",
					"@loader_path/Frameworks",
				);
				PRODUCT_BUNDLE_IDENTIFIER = com.test.WelcomeWeekUITests;
				PRODUCT_NAME = "$(TARGET_NAME)";
				SWIFT_VERSION = 4.0;
				TARGETED_DEVICE_FAMILY = "1,2";
				TEST_TARGET_NAME = WelcomeWeek;
			};
			name = Debug;
		};
		D77DAA2D201D1E3D00A28643 /* Release */ = {
			isa = XCBuildConfiguration;
			buildSettings = {
				ALWAYS_EMBED_SWIFT_STANDARD_LIBRARIES = YES;
				CODE_SIGN_STYLE = Automatic;
				DEVELOPMENT_TEAM = 5RXU43Z939;
				INFOPLIST_FILE = WelcomeWeekUITests/Info.plist;
				LD_RUNPATH_SEARCH_PATHS = (
					"$(inherited)",
					"@executable_path/Frameworks",
					"@loader_path/Frameworks",
				);
				PRODUCT_BUNDLE_IDENTIFIER = com.test.WelcomeWeekUITests;
				PRODUCT_NAME = "$(TARGET_NAME)";
				SWIFT_VERSION = 4.0;
				TARGETED_DEVICE_FAMILY = "1,2";
				TEST_TARGET_NAME = WelcomeWeek;
			};
			name = Release;
		};
/* End XCBuildConfiguration section */

/* Begin XCConfigurationList section */
		D77DA9F8201D1E3900A28643 /* Build configuration list for PBXProject "WelcomeWeek" */ = {
			isa = XCConfigurationList;
			buildConfigurations = (
				D77DAA23201D1E3D00A28643 /* Debug */,
				D77DAA24201D1E3D00A28643 /* Release */,
			);
			defaultConfigurationIsVisible = 0;
			defaultConfigurationName = Release;
		};
		D77DAA25201D1E3D00A28643 /* Build configuration list for PBXNativeTarget "WelcomeWeek" */ = {
			isa = XCConfigurationList;
			buildConfigurations = (
				D77DAA26201D1E3D00A28643 /* Debug */,
				D77DAA27201D1E3D00A28643 /* Release */,
			);
			defaultConfigurationIsVisible = 0;
			defaultConfigurationName = Release;
		};
		D77DAA28201D1E3D00A28643 /* Build configuration list for PBXNativeTarget "WelcomeWeekTests" */ = {
			isa = XCConfigurationList;
			buildConfigurations = (
				D77DAA29201D1E3D00A28643 /* Debug */,
				D77DAA2A201D1E3D00A28643 /* Release */,
			);
			defaultConfigurationIsVisible = 0;
			defaultConfigurationName = Release;
		};
		D77DAA2B201D1E3D00A28643 /* Build configuration list for PBXNativeTarget "WelcomeWeekUITests" */ = {
			isa = XCConfigurationList;
			buildConfigurations = (
				D77DAA2C201D1E3D00A28643 /* Debug */,
				D77DAA2D201D1E3D00A28643 /* Release */,
			);
			defaultConfigurationIsVisible = 0;
			defaultConfigurationName = Release;
		};
/* End XCConfigurationList section */
	};
	rootObject = D77DA9F5201D1E3900A28643 /* Project object */;
}
